
Microsoft Visual Studio Solution File, Format Version 12.00
# Visual Studio Version 16
VisualStudioVersion = 16.0.29613.14
MinimumVisualStudioVersion = 10.0.40219.1
Project("{FAE04EC0-301F-11D3-BF4B-00C04F79EFBC}") = "JsonToolkit", "JsonToolkit\JsonToolkit.csproj", "{2335912C-8097-43FA-84B0-43517AD21D5F}"
EndProject
Global
	GlobalSection(SolutionConfigurationPlatforms) = preSolution
		Debug|Any CPU = Debug|Any CPU
		Release|Any CPU = Release|Any CPU
	EndGlobalSection
	GlobalSection(ProjectConfigurationPlatforms) = postSolution
		{2335912C-8097-43FA-84B0-43517AD21D5F}.Debug|Any CPU.ActiveCfg = Debug|Any CPU
		{2335912C-8097-43FA-84B0-43517AD21D5F}.Debug|Any CPU.Build.0 = Debug|Any CPU
		{2335912C-8097-43FA-84B0-43517AD21D5F}.Release|Any CPU.ActiveCfg = Release|Any CPU
		{2335912C-8097-43FA-84B0-43517AD21D5F}.Release|Any CPU.Build.0 = Release|Any CPU
	EndGlobalSection
	GlobalSection(SolutionProperties) = preSolution
		HideSolutionNode = FALSE
	EndGlobalSection
	GlobalSection(ExtensibilityGlobals) = postSolution
		SolutionGuid = {3E478A7E-8E5C-4D6B-AF5D-6A504C7F44DA}
	EndGlobalSection
EndGlobal
